// !$*UTF8*$!
{
	archiveVersion = 1;
	classes = {
	};
	objectVersion = 50;
	objects = {

/* Begin PBXBuildFile section */
		63DB4F0A2224FDBB007EBE4C /* AppDelegate.swift in Sources */ = {isa = PBXBuildFile; fileRef = 63DB4F092224FDBB007EBE4C /* AppDelegate.swift */; };
		63DB4F0C2224FDBB007EBE4C /* ViewController.swift in Sources */ = {isa = PBXBuildFile; fileRef = 63DB4F0B2224FDBB007EBE4C /* ViewController.swift */; };
		63DB4F0F2224FDBC007EBE4C /* Main.storyboard in Resources */ = {isa = PBXBuildFile; fileRef = 63DB4F0D2224FDBC007EBE4C /* Main.storyboard */; };
		63DB4F112224FDBE007EBE4C /* Assets.xcassets in Resources */ = {isa = PBXBuildFile; fileRef = 63DB4F102224FDBE007EBE4C /* Assets.xcassets */; };
		63DB4F142224FDBE007EBE4C /* LaunchScreen.storyboard in Resources */ = {isa = PBXBuildFile; fileRef = 63DB4F122224FDBE007EBE4C /* LaunchScreen.storyboard */; };
		63DB4F1C2224FED4007EBE4C /* InputTableViewCell.swift in Sources */ = {isa = PBXBuildFile; fileRef = 63DB4F1B2224FED4007EBE4C /* InputTableViewCell.swift */; };
/* End PBXBuildFile section */

/* Begin PBXFileReference section */
		63DB4F062224FDBB007EBE4C /* 2-26通知.app */ = {isa = PBXFileReference; explicitFileType = wrapper.application; includeInIndex = 0; path = "2-26通知.app"; sourceTree = BUILT_PRODUCTS_DIR; };
		63DB4F092224FDBB007EBE4C /* AppDelegate.swift */ = {isa = PBXFileReference; lastKnownFileType = sourcecode.swift; path = AppDelegate.swift; sourceTree = "<group>"; };
		63DB4F0B2224FDBB007EBE4C /* ViewController.swift */ = {isa = PBXFileReference; lastKnownFileType = sourcecode.swift; path = ViewController.swift; sourceTree = "<group>"; };
		63DB4F0E2224FDBC007EBE4C /* Base */ = {isa = PBXFileReference; lastKnownFileType = file.storyboard; name = Base; path = Base.lproj/Main.storyboard; sourceTree = "<group>"; };
		63DB4F102224FDBE007EBE4C /* Assets.xcassets */ = {isa = PBXFileReference; lastKnownFileType = folder.assetcatalog; path = Assets.xcassets; sourceTree = "<group>"; };
		63DB4F132224FDBE007EBE4C /* Base */ = {isa = PBXFileReference; lastKnownFileType = file.storyboard; name = Base; path = Base.lproj/LaunchScreen.storyboard; sourceTree = "<group>"; };
		63DB4F152224FDBE007EBE4C /* Info.plist */ = {isa = PBXFileReference; lastKnownFileType = text.plist.xml; path = Info.plist; sourceTree = "<group>"; };
		63DB4F1B2224FED4007EBE4C /* InputTableViewCell.swift */ = {isa = PBXFileReference; lastKnownFileType = sourcecode.swift; path = InputTableViewCell.swift; sourceTree = "<group>"; };
/* End PBXFileReference section */

/* Begin PBXFrameworksBuildPhase section */
		63DB4F032224FDBB007EBE4C /* Frameworks */ = {
			isa = PBXFrameworksBuildPhase;
			buildActionMask = 2147483647;
			files = (
			);
			runOnlyForDeploymentPostprocessing = 0;
		};
/* End PBXFrameworksBuildPhase section */

/* Begin PBXGroup section */
		63DB4EFD2224FDBB007EBE4C = {
			isa = PBXGroup;
			children = (
				63DB4F082224FDBB007EBE4C /* 2-26通知 */,
				63DB4F072224FDBB007EBE4C /* Products */,
			);
			sourceTree = "<group>";
		};
		63DB4F072224FDBB007EBE4C /* Products */ = {
			isa = PBXGroup;
			children = (
				63DB4F062224FDBB007EBE4C /* 2-26通知.app */,
			);
			name = Products;
			sourceTree = "<group>";
		};
		63DB4F082224FDBB007EBE4C /* 2-26通知 */ = {
			isa = PBXGroup;
			children = (
				63DB4F092224FDBB007EBE4C /* AppDelegate.swift */,
				63DB4F0B2224FDBB007EBE4C /* ViewController.swift */,
				63DB4F0D2224FDBC007EBE4C /* Main.storyboard */,
				63DB4F102224FDBE007EBE4C /* Assets.xcassets */,
				63DB4F122224FDBE007EBE4C /* LaunchScreen.storyboard */,
				63DB4F152224FDBE007EBE4C /* Info.plist */,
				63DB4F1B2224FED4007EBE4C /* InputTableViewCell.swift */,
			);
			path = "2-26通知";
			sourceTree = "<group>";
		};
/* End PBXGroup section */

/* Begin PBXNativeTarget section */
		63DB4F052224FDBB007EBE4C /* 2-26通知 */ = {
			isa = PBXNativeTarget;
			buildConfigurationList = 63DB4F182224FDBE007EBE4C /* Build configuration list for PBXNativeTarget "2-26通知" */;
			buildPhases = (
				63DB4F022224FDBB007EBE4C /* Sources */,
				63DB4F032224FDBB007EBE4C /* Frameworks */,
				63DB4F042224FDBB007EBE4C /* Resources */,
			);
			buildRules = (
			);
			dependencies = (
			);
			name = "2-26通知";
			productName = "2-26通知";
			productReference = 63DB4F062224FDBB007EBE4C /* 2-26通知.app */;
			productType = "com.apple.product-type.application";
		};
/* End PBXNativeTarget section */

/* Begin PBXProject section */
		63DB4EFE2224FDBB007EBE4C /* Project object */ = {
			isa = PBXProject;
			attributes = {
				LastSwiftUpdateCheck = 1010;
				LastUpgradeCheck = 1010;
				ORGANIZATIONNAME = Zhangwei;
				TargetAttributes = {
					63DB4F052224FDBB007EBE4C = {
						CreatedOnToolsVersion = 10.1;
					};
				};
			};
			buildConfigurationList = 63DB4F012224FDBB007EBE4C /* Build configuration list for PBXProject "2-26通知" */;
			compatibilityVersion = "Xcode 9.3";
			developmentRegion = en;
			hasScannedForEncodings = 0;
			knownRegions = (
				en,
				Base,
			);
			mainGroup = 63DB4EFD2224FDBB007EBE4C;
			productRefGroup = 63DB4F072224FDBB007EBE4C /* Products */;
			projectDirPath = "";
			projectRoot = "";
			targets = (
				63DB4F052224FDBB007EBE4C /* 2-26通知 */,
			);
		};
/* End PBXProject section */

/* Begin PBXResourcesBuildPhase section */
		63DB4F042224FDBB007EBE4C /* Resources */ = {
			isa = PBXResourcesBuildPhase;
			buildActionMask = 2147483647;
			files = (
				63DB4F142224FDBE007EBE4C /* LaunchScreen.storyboard in Resources */,
				63DB4F112224FDBE007EBE4C /* Assets.xcassets in Resources */,
				63DB4F0F2224FDBC007EBE4C /* Main.storyboard in Resources */,
			);
			runOnlyForDeploymentPostprocessing = 0;
		};
/* End PBXResourcesBuildPhase section */

/* Begin PBXSourcesBuildPhase section */
		63DB4F022224FDBB007EBE4C /* Sources */ = {
			isa = PBXSourcesBuildPhase;
			buildActionMask = 2147483647;
			files = (
				63DB4F0C2224FDBB007EBE4C /* ViewController.swift in Sources */,
				63DB4F1C2224FED4007EBE4C /* InputTableViewCell.swift in Sources */,
				63DB4F0A2224FDBB007EBE4C /* AppDelegate.swift in Sources */,
			);
			runOnlyForDeploymentPostprocessing = 0;
		};
/* End PBXSourcesBuildPhase section */

/* Begin PBXVariantGroup section */
		63DB4F0D2224FDBC007EBE4C /* Main.storyboard */ = {
			isa = PBXVariantGroup;
			children = (
				63DB4F0E2224FDBC007EBE4C /* Base */,
			);
			name = Main.storyboard;
			sourceTree = "<group>";
		};
		63DB4F122224FDBE007EBE4C /* LaunchScreen.storyboard */ = {
			isa = PBXVariantGroup;
			children = (
				63DB4F132224FDBE007EBE4C /* Base */,
			);
			name = LaunchScreen.storyboard;
			sourceTree = "<group>";
		};
/* End PBXVariantGroup section */

/* Begin XCBuildConfiguration section */
		63DB4F162224FDBE007EBE4C /* Debug */ = {
			isa = XCBuildConfiguration;
			buildSettings = {
				ALWAYS_SEARCH_USER_PATHS = NO;
				CLANG_ANALYZER_NONNULL = YES;
				CLANG_ANALYZER_NUMBER_OBJECT_CONVERSION = YES_AGGRESSIVE;
				CLANG_CXX_LANGUAGE_STANDARD = "gnu++14";
				CLANG_CXX_LIBRARY = "libc++";
				CLANG_ENABLE_MODULES = YES;
				CLANG_ENABLE_OBJC_ARC = YES;
				CLANG_ENABLE_OBJC_WEAK = YES;
				CLANG_WARN_BLOCK_CAPTURE_AUTORELEASING = YES;
				CLANG_WARN_BOOL_CONVERSION = YES;
				CLANG_WARN_COMMA = YES;
				CLANG_WARN_CONSTANT_CONVERSION = YES;
				CLANG_WARN_DEPRECATED_OBJC_IMPLEMENTATIONS = YES;
				CLANG_WARN_DIRECT_OBJC_ISA_USAGE = YES_ERROR;
				CLANG_WARN_DOCUMENTATION_COMMENTS = YES;
				CLANG_WARN_EMPTY_BODY = YES;
				CLANG_WARN_ENUM_CONVERSION = YES;
				CLANG_WARN_INFINITE_RECURSION = YES;
				CLANG_WARN_INT_CONVERSION = YES;
				CLANG_WARN_NON_LITERAL_NULL_CONVERSION = YES;
				CLANG_WARN_OBJC_IMPLICIT_RETAIN_SELF = YES;
				CLANG_WARN_OBJC_LITERAL_CONVERSION = YES;
				CLANG_WARN_OBJC_ROOT_CLASS = YES_ERROR;
				CLANG_WARN_RANGE_LOOP_ANALYSIS = YES;
				CLANG_WARN_STRICT_PROTOTYPES = YES;
				CLANG_WARN_SUSPICIOUS_MOVE = YES;
				CLANG_WARN_UNGUARDED_AVAILABILITY = YES_AGGRESSIVE;
				CLANG_WARN_UNREACHABLE_CODE = YES;
				CLANG_WARN__DUPLICATE_METHOD_MATCH = YES;
				CODE_SIGN_IDENTITY = "iPhone Developer";
				COPY_PHASE_STRIP = NO;
				DEBUG_INFORMATION_FORMAT = dwarf;
				ENABLE_STRICT_OBJC_MSGSEND = YES;
				ENABLE_TESTABILITY = YES;
				GCC_C_LANGUAGE_STANDARD = gnu11;
				GCC_DYNAMIC_NO_PIC = NO;
				GCC_NO_COMMON_BLOCKS = YES;
				GCC_OPTIMIZATION_LEVEL = 0;
				GCC_PREPROCESSOR_DEFINITIONS = (
					"DEBUG=1",
					"$(inherited)",
				);
				GCC_WARN_64_TO_32_BIT_CONVERSION = YES;
				GCC_WARN_ABOUT_RETURN_TYPE = YES_ERROR;
				GCC_WARN_UNDECLARED_SELECTOR = YES;
				GCC_WARN_UNINITIALIZED_AUTOS = YES_AGGRESSIVE;
				GCC_WARN_UNUSED_FUNCTION = YES;
				GCC_WARN_UNUSED_VARIABLE = YES;
				IPHONEOS_DEPLOYMENT_TARGET = 12.1;
				MTL_ENABLE_DEBUG_INFO = INCLUDE_SOURCE;
				MTL_FAST_MATH = YES;
				ONLY_ACTIVE_ARCH = YES;
				SDKROOT = iphoneos;
				SWIFT_ACTIVE_COMPILATION_CONDITIONS = DEBUG;
				SWIFT_OPTIMIZATION_LEVEL = "-Onone";
			};
			name = Debug;
		};
		63DB4F172224FDBE007EBE4C /* Release */ = {
			isa = XCBuildConfiguration;
			buildSettings = {
				ALWAYS_SEARCH_USER_PATHS = NO;
				CLANG_ANALYZER_NONNULL = YES;
				CLANG_ANALYZER_NUMBER_OBJECT_CONVERSION = YES_AGGRESSIVE;
				CLANG_CXX_LANGUAGE_STANDARD = "gnu++14";
				CLANG_CXX_LIBRARY = "libc++";
				CLANG_ENABLE_MODULES = YES;
				CLANG_ENABLE_OBJC_ARC = YES;
				CLANG_ENABLE_OBJC_WEAK = YES;
				CLANG_WARN_BLOCK_CAPTURE_AUTORELEASING = YES;
				CLANG_WARN_BOOL_CONVERSION = YES;
				CLANG_WARN_COMMA = YES;
				CLANG_WARN_CONSTANT_CONVERSION = YES;
				CLANG_WARN_DEPRECATED_OBJC_IMPLEMENTATIONS = YES;
				CLANG_WARN_DIRECT_OBJC_ISA_USAGE = YES_ERROR;
				CLANG_WARN_DOCUMENTATION_COMMENTS = YES;
				CLANG_WARN_EMPTY_BODY = YES;
				CLANG_WARN_ENUM_CONVERSION = YES;
				CLANG_WARN_INFINITE_RECURSION = YES;
				CLANG_WARN_INT_CONVERSION = YES;
				CLANG_WARN_NON_LITERAL_NULL_CONVERSION = YES;
				CLANG_WARN_OBJC_IMPLICIT_RETAIN_SELF = YES;
				CLANG_WARN_OBJC_LITERAL_CONVERSION = YES;
				CLANG_WARN_OBJC_ROOT_CLASS = YES_ERROR;
				CLANG_WARN_RANGE_LOOP_ANALYSIS = YES;
				CLANG_WARN_STRICT_PROTOTYPES = YES;
				CLANG_WARN_SUSPICIOUS_MOVE = YES;
				CLANG_WARN_UNGUARDED_AVAILABILITY = YES_AGGRESSIVE;
				CLANG_WARN_UNREACHABLE_CODE = YES;
				CLANG_WARN__DUPLICATE_METHOD_MATCH = YES;
				CODE_SIGN_IDENTITY = "iPhone Developer";
				COPY_PHASE_STRIP = NO;
				DEBUG_INFORMATION_FORMAT = "dwarf-with-dsym";
				ENABLE_NS_ASSERTIONS = NO;
				ENABLE_STRICT_OBJC_MSGSEND = YES;
				GCC_C_LANGUAGE_STANDARD = gnu11;
				GCC_NO_COMMON_BLOCKS = YES;
				GCC_WARN_64_TO_32_BIT_CONVERSION = YES;
				GCC_WARN_ABOUT_RETURN_TYPE = YES_ERROR;
				GCC_WARN_UNDECLARED_SELECTOR = YES;
				GCC_WARN_UNINITIALIZED_AUTOS = YES_AGGRESSIVE;
				GCC_WARN_UNUSED_FUNCTION = YES;
				GCC_WARN_UNUSED_VARIABLE = YES;
				IPHONEOS_DEPLOYMENT_TARGET = 12.1;
				MTL_ENABLE_DEBUG_INFO = NO;
				MTL_FAST_MATH = YES;
				SDKROOT = iphoneos;
				SWIFT_COMPILATION_MODE = wholemodule;
				SWIFT_OPTIMIZATION_LEVEL = "-O";
				VALIDATE_PRODUCT = YES;
			};
			name = Release;
		};
		63DB4F192224FDBE007EBE4C /* Debug */ = {
			isa = XCBuildConfiguration;
			buildSettings = {
				ASSETCATALOG_COMPILER_APPICON_NAME = AppIcon;
				CODE_SIGN_STYLE = Automatic;
				INFOPLIST_FILE = "2-26通知/Info.plist";
				LD_RUNPATH_SEARCH_PATHS = (
					"$(inherited)",
					"@executable_path/Frameworks",
				);
				PRODUCT_BUNDLE_IDENTIFIER = "Zhnagwei.--26--";
				PRODUCT_NAME = "$(TARGET_NAME)";
				SWIFT_VERSION = 4.2;
				TARGETED_DEVICE_FAMILY = "1,2";
			};
			name = Debug;
		};
		63DB4F1A2224FDBE007EBE4C /* Release */ = {
			isa = XCBuildConfiguration;
			buildSettings = {
				ASSETCATALOG_COMPILER_APPICON_NAME = AppIcon;
				CODE_SIGN_STYLE = Automatic;
				INFOPLIST_FILE = "2-26通知/Info.plist";
				LD_RUNPATH_SEARCH_PATHS = (
					"$(inherited)",
					"@executable_path/Frameworks",
				);
				PRODUCT_BUNDLE_IDENTIFIER = "Zhnagwei.--26--";
				PRODUCT_NAME = "$(TARGET_NAME)";
				SWIFT_VERSION = 4.2;
				TARGETED_DEVICE_FAMILY = "1,2";
			};
			name = Release;
		};
/* End XCBuildConfiguration section */

/* Begin XCConfigurationList section */
		63DB4F012224FDBB007EBE4C /* Build configuration list for PBXProject "2-26通知" */ = {
			isa = XCConfigurationList;
			buildConfigurations = (
				63DB4F162224FDBE007EBE4C /* Debug */,
				63DB4F172224FDBE007EBE4C /* Release */,
			);
			defaultConfigurationIsVisible = 0;
			defaultConfigurationName = Release;
		};
		63DB4F182224FDBE007EBE4C /* Build configuration list for PBXNativeTarget "2-26通知" */ = {
			isa = XCConfigurationList;
			buildConfigurations = (
				63DB4F192224FDBE007EBE4C /* Debug */,
				63DB4F1A2224FDBE007EBE4C /* Release */,
			);
			defaultConfigurationIsVisible = 0;
			defaultConfigurationName = Release;
		};
/* End XCConfigurationList section */
	};
	rootObject = 63DB4EFE2224FDBB007EBE4C /* Project object */;
}
