// !$*UTF8*$!
{
	archiveVersion = 1;
	classes = {
	};
	objectVersion = 50;
	objects = {

/* Begin PBXBuildFile section */
		631CAEB8220AA9AC003A0B9C /* AViewController.swift in Sources */ = {isa = PBXBuildFile; fileRef = 631CAEB7220AA9AC003A0B9C /* AViewController.swift */; };
		631CAEBA220AA9B8003A0B9C /* BViewController.swift in Sources */ = {isa = PBXBuildFile; fileRef = 631CAEB9220AA9B8003A0B9C /* BViewController.swift */; };
		63585EA8220A796200872274 /* AppDelegate.swift in Sources */ = {isa = PBXBuildFile; fileRef = 63585EA7220A796200872274 /* AppDelegate.swift */; };
		63585EAD220A796200872274 /* Main.storyboard in Resources */ = {isa = PBXBuildFile; fileRef = 63585EAB220A796200872274 /* Main.storyboard */; };
		63585EAF220A796600872274 /* Assets.xcassets in Resources */ = {isa = PBXBuildFile; fileRef = 63585EAE220A796600872274 /* Assets.xcassets */; };
		63585EB2220A796600872274 /* LaunchScreen.storyboard in Resources */ = {isa = PBXBuildFile; fileRef = 63585EB0220A796600872274 /* LaunchScreen.storyboard */; };
		63585EBA220A799400872274 /* NewViewController.swift in Sources */ = {isa = PBXBuildFile; fileRef = 63585EB9220A799400872274 /* NewViewController.swift */; };
		63585EBC220A7B2600872274 /* InputTableViewCell.swift in Sources */ = {isa = PBXBuildFile; fileRef = 63585EBB220A7B2600872274 /* InputTableViewCell.swift */; };
		63585EBE220A7B5200872274 /* SelectTableViewCell.swift in Sources */ = {isa = PBXBuildFile; fileRef = 63585EBD220A7B5200872274 /* SelectTableViewCell.swift */; };
/* End PBXBuildFile section */

/* Begin PBXFileReference section */
		631CAEB7220AA9AC003A0B9C /* AViewController.swift */ = {isa = PBXFileReference; lastKnownFileType = sourcecode.swift; path = AViewController.swift; sourceTree = "<group>"; };
		631CAEB9220AA9B8003A0B9C /* BViewController.swift */ = {isa = PBXFileReference; lastKnownFileType = sourcecode.swift; path = BViewController.swift; sourceTree = "<group>"; };
		63585EA4220A796200872274 /* 2-6.app */ = {isa = PBXFileReference; explicitFileType = wrapper.application; includeInIndex = 0; path = "2-6.app"; sourceTree = BUILT_PRODUCTS_DIR; };
		63585EA7220A796200872274 /* AppDelegate.swift */ = {isa = PBXFileReference; lastKnownFileType = sourcecode.swift; path = AppDelegate.swift; sourceTree = "<group>"; };
		63585EAC220A796200872274 /* Base */ = {isa = PBXFileReference; lastKnownFileType = file.storyboard; name = Base; path = Base.lproj/Main.storyboard; sourceTree = "<group>"; };
		63585EAE220A796600872274 /* Assets.xcassets */ = {isa = PBXFileReference; lastKnownFileType = folder.assetcatalog; path = Assets.xcassets; sourceTree = "<group>"; };
		63585EB1220A796600872274 /* Base */ = {isa = PBXFileReference; lastKnownFileType = file.storyboard; name = Base; path = Base.lproj/LaunchScreen.storyboard; sourceTree = "<group>"; };
		63585EB3220A796600872274 /* Info.plist */ = {isa = PBXFileReference; lastKnownFileType = text.plist.xml; path = Info.plist; sourceTree = "<group>"; };
		63585EB9220A799400872274 /* NewViewController.swift */ = {isa = PBXFileReference; lastKnownFileType = sourcecode.swift; path = NewViewController.swift; sourceTree = "<group>"; };
		63585EBB220A7B2600872274 /* InputTableViewCell.swift */ = {isa = PBXFileReference; lastKnownFileType = sourcecode.swift; path = InputTableViewCell.swift; sourceTree = "<group>"; };
		63585EBD220A7B5200872274 /* SelectTableViewCell.swift */ = {isa = PBXFileReference; lastKnownFileType = sourcecode.swift; path = SelectTableViewCell.swift; sourceTree = "<group>"; };
/* End PBXFileReference section */

/* Begin PBXFrameworksBuildPhase section */
		63585EA1220A796200872274 /* Frameworks */ = {
			isa = PBXFrameworksBuildPhase;
			buildActionMask = 2147483647;
			files = (
			);
			runOnlyForDeploymentPostprocessing = 0;
		};
/* End PBXFrameworksBuildPhase section */

/* Begin PBXGroup section */
		63585E9B220A796200872274 = {
			isa = PBXGroup;
			children = (
				63585EA6220A796200872274 /* 2-6 */,
				63585EA5220A796200872274 /* Products */,
			);
			sourceTree = "<group>";
		};
		63585EA5220A796200872274 /* Products */ = {
			isa = PBXGroup;
			children = (
				63585EA4220A796200872274 /* 2-6.app */,
			);
			name = Products;
			sourceTree = "<group>";
		};
		63585EA6220A796200872274 /* 2-6 */ = {
			isa = PBXGroup;
			children = (
				63585EA7220A796200872274 /* AppDelegate.swift */,
				63585EAB220A796200872274 /* Main.storyboard */,
				63585EAE220A796600872274 /* Assets.xcassets */,
				63585EB0220A796600872274 /* LaunchScreen.storyboard */,
				63585EB3220A796600872274 /* Info.plist */,
				63585EB9220A799400872274 /* NewViewController.swift */,
				63585EBB220A7B2600872274 /* InputTableViewCell.swift */,
				63585EBD220A7B5200872274 /* SelectTableViewCell.swift */,
				631CAEB7220AA9AC003A0B9C /* AViewController.swift */,
				631CAEB9220AA9B8003A0B9C /* BViewController.swift */,
			);
			path = "2-6";
			sourceTree = "<group>";
		};
/* End PBXGroup section */

/* Begin PBXNativeTarget section */
		63585EA3220A796200872274 /* 2-6 */ = {
			isa = PBXNativeTarget;
			buildConfigurationList = 63585EB6220A796600872274 /* Build configuration list for PBXNativeTarget "2-6" */;
			buildPhases = (
				63585EA0220A796200872274 /* Sources */,
				63585EA1220A796200872274 /* Frameworks */,
				63585EA2220A796200872274 /* Resources */,
			);
			buildRules = (
			);
			dependencies = (
			);
			name = "2-6";
			productName = "2-6";
			productReference = 63585EA4220A796200872274 /* 2-6.app */;
			productType = "com.apple.product-type.application";
		};
/* End PBXNativeTarget section */

/* Begin PBXProject section */
		63585E9C220A796200872274 /* Project object */ = {
			isa = PBXProject;
			attributes = {
				LastSwiftUpdateCheck = 1010;
				LastUpgradeCheck = 1010;
				ORGANIZATIONNAME = Zhangwei;
				TargetAttributes = {
					63585EA3220A796200872274 = {
						CreatedOnToolsVersion = 10.1;
					};
				};
			};
			buildConfigurationList = 63585E9F220A796200872274 /* Build configuration list for PBXProject "2-6" */;
			compatibilityVersion = "Xcode 9.3";
			developmentRegion = en;
			hasScannedForEncodings = 0;
			knownRegions = (
				en,
				Base,
			);
			mainGroup = 63585E9B220A796200872274;
			productRefGroup = 63585EA5220A796200872274 /* Products */;
			projectDirPath = "";
			projectRoot = "";
			targets = (
				63585EA3220A796200872274 /* 2-6 */,
			);
		};
/* End PBXProject section */

/* Begin PBXResourcesBuildPhase section */
		63585EA2220A796200872274 /* Resources */ = {
			isa = PBXResourcesBuildPhase;
			buildActionMask = 2147483647;
			files = (
				63585EB2220A796600872274 /* LaunchScreen.storyboard in Resources */,
				63585EAF220A796600872274 /* Assets.xcassets in Resources */,
				63585EAD220A796200872274 /* Main.storyboard in Resources */,
			);
			runOnlyForDeploymentPostprocessing = 0;
		};
/* End PBXResourcesBuildPhase section */

/* Begin PBXSourcesBuildPhase section */
		63585EA0220A796200872274 /* Sources */ = {
			isa = PBXSourcesBuildPhase;
			buildActionMask = 2147483647;
			files = (
				63585EA8220A796200872274 /* AppDelegate.swift in Sources */,
				631CAEBA220AA9B8003A0B9C /* BViewController.swift in Sources */,
				63585EBC220A7B2600872274 /* InputTableViewCell.swift in Sources */,
				63585EBA220A799400872274 /* NewViewController.swift in Sources */,
				63585EBE220A7B5200872274 /* SelectTableViewCell.swift in Sources */,
				631CAEB8220AA9AC003A0B9C /* AViewController.swift in Sources */,
			);
			runOnlyForDeploymentPostprocessing = 0;
		};
/* End PBXSourcesBuildPhase section */

/* Begin PBXVariantGroup section */
		63585EAB220A796200872274 /* Main.storyboard */ = {
			isa = PBXVariantGroup;
			children = (
				63585EAC220A796200872274 /* Base */,
			);
			name = Main.storyboard;
			sourceTree = "<group>";
		};
		63585EB0220A796600872274 /* LaunchScreen.storyboard */ = {
			isa = PBXVariantGroup;
			children = (
				63585EB1220A796600872274 /* Base */,
			);
			name = LaunchScreen.storyboard;
			sourceTree = "<group>";
		};
/* End PBXVariantGroup section */

/* Begin XCBuildConfiguration section */
		63585EB4220A796600872274 /* Debug */ = {
			isa = XCBuildConfiguration;
			buildSettings = {
				ALWAYS_SEARCH_USER_PATHS = NO;
				CLANG_ANALYZER_NONNULL = YES;
				CLANG_ANALYZER_NUMBER_OBJECT_CONVERSION = YES_AGGRESSIVE;
				CLANG_CXX_LANGUAGE_STANDARD = "gnu++14";
				CLANG_CXX_LIBRARY = "libc++";
				CLANG_ENABLE_MODULES = YES;
				CLANG_ENABLE_OBJC_ARC = YES;
				CLANG_ENABLE_OBJC_WEAK = YES;
				CLANG_WARN_BLOCK_CAPTURE_AUTORELEASING = YES;
				CLANG_WARN_BOOL_CONVERSION = YES;
				CLANG_WARN_COMMA = YES;
				CLANG_WARN_CONSTANT_CONVERSION = YES;
				CLANG_WARN_DEPRECATED_OBJC_IMPLEMENTATIONS = YES;
				CLANG_WARN_DIRECT_OBJC_ISA_USAGE = YES_ERROR;
				CLANG_WARN_DOCUMENTATION_COMMENTS = YES;
				CLANG_WARN_EMPTY_BODY = YES;
				CLANG_WARN_ENUM_CONVERSION = YES;
				CLANG_WARN_INFINITE_RECURSION = YES;
				CLANG_WARN_INT_CONVERSION = YES;
				CLANG_WARN_NON_LITERAL_NULL_CONVERSION = YES;
				CLANG_WARN_OBJC_IMPLICIT_RETAIN_SELF = YES;
				CLANG_WARN_OBJC_LITERAL_CONVERSION = YES;
				CLANG_WARN_OBJC_ROOT_CLASS = YES_ERROR;
				CLANG_WARN_RANGE_LOOP_ANALYSIS = YES;
				CLANG_WARN_STRICT_PROTOTYPES = YES;
				CLANG_WARN_SUSPICIOUS_MOVE = YES;
				CLANG_WARN_UNGUARDED_AVAILABILITY = YES_AGGRESSIVE;
				CLANG_WARN_UNREACHABLE_CODE = YES;
				CLANG_WARN__DUPLICATE_METHOD_MATCH = YES;
				CODE_SIGN_IDENTITY = "iPhone Developer";
				COPY_PHASE_STRIP = NO;
				DEBUG_INFORMATION_FORMAT = dwarf;
				ENABLE_STRICT_OBJC_MSGSEND = YES;
				ENABLE_TESTABILITY = YES;
				GCC_C_LANGUAGE_STANDARD = gnu11;
				GCC_DYNAMIC_NO_PIC = NO;
				GCC_NO_COMMON_BLOCKS = YES;
				GCC_OPTIMIZATION_LEVEL = 0;
				GCC_PREPROCESSOR_DEFINITIONS = (
					"DEBUG=1",
					"$(inherited)",
				);
				GCC_WARN_64_TO_32_BIT_CONVERSION = YES;
				GCC_WARN_ABOUT_RETURN_TYPE = YES_ERROR;
				GCC_WARN_UNDECLARED_SELECTOR = YES;
				GCC_WARN_UNINITIALIZED_AUTOS = YES_AGGRESSIVE;
				GCC_WARN_UNUSED_FUNCTION = YES;
				GCC_WARN_UNUSED_VARIABLE = YES;
				IPHONEOS_DEPLOYMENT_TARGET = 12.1;
				MTL_ENABLE_DEBUG_INFO = INCLUDE_SOURCE;
				MTL_FAST_MATH = YES;
				ONLY_ACTIVE_ARCH = YES;
				SDKROOT = iphoneos;
				SWIFT_ACTIVE_COMPILATION_CONDITIONS = DEBUG;
				SWIFT_OPTIMIZATION_LEVEL = "-Onone";
			};
			name = Debug;
		};
		63585EB5220A796600872274 /* Release */ = {
			isa = XCBuildConfiguration;
			buildSettings = {
				ALWAYS_SEARCH_USER_PATHS = NO;
				CLANG_ANALYZER_NONNULL = YES;
				CLANG_ANALYZER_NUMBER_OBJECT_CONVERSION = YES_AGGRESSIVE;
				CLANG_CXX_LANGUAGE_STANDARD = "gnu++14";
				CLANG_CXX_LIBRARY = "libc++";
				CLANG_ENABLE_MODULES = YES;
				CLANG_ENABLE_OBJC_ARC = YES;
				CLANG_ENABLE_OBJC_WEAK = YES;
				CLANG_WARN_BLOCK_CAPTURE_AUTORELEASING = YES;
				CLANG_WARN_BOOL_CONVERSION = YES;
				CLANG_WARN_COMMA = YES;
				CLANG_WARN_CONSTANT_CONVERSION = YES;
				CLANG_WARN_DEPRECATED_OBJC_IMPLEMENTATIONS = YES;
				CLANG_WARN_DIRECT_OBJC_ISA_USAGE = YES_ERROR;
				CLANG_WARN_DOCUMENTATION_COMMENTS = YES;
				CLANG_WARN_EMPTY_BODY = YES;
				CLANG_WARN_ENUM_CONVERSION = YES;
				CLANG_WARN_INFINITE_RECURSION = YES;
				CLANG_WARN_INT_CONVERSION = YES;
				CLANG_WARN_NON_LITERAL_NULL_CONVERSION = YES;
				CLANG_WARN_OBJC_IMPLICIT_RETAIN_SELF = YES;
				CLANG_WARN_OBJC_LITERAL_CONVERSION = YES;
				CLANG_WARN_OBJC_ROOT_CLASS = YES_ERROR;
				CLANG_WARN_RANGE_LOOP_ANALYSIS = YES;
				CLANG_WARN_STRICT_PROTOTYPES = YES;
				CLANG_WARN_SUSPICIOUS_MOVE = YES;
				CLANG_WARN_UNGUARDED_AVAILABILITY = YES_AGGRESSIVE;
				CLANG_WARN_UNREACHABLE_CODE = YES;
				CLANG_WARN__DUPLICATE_METHOD_MATCH = YES;
				CODE_SIGN_IDENTITY = "iPhone Developer";
				COPY_PHASE_STRIP = NO;
				DEBUG_INFORMATION_FORMAT = "dwarf-with-dsym";
				ENABLE_NS_ASSERTIONS = NO;
				ENABLE_STRICT_OBJC_MSGSEND = YES;
				GCC_C_LANGUAGE_STANDARD = gnu11;
				GCC_NO_COMMON_BLOCKS = YES;
				GCC_WARN_64_TO_32_BIT_CONVERSION = YES;
				GCC_WARN_ABOUT_RETURN_TYPE = YES_ERROR;
				GCC_WARN_UNDECLARED_SELECTOR = YES;
				GCC_WARN_UNINITIALIZED_AUTOS = YES_AGGRESSIVE;
				GCC_WARN_UNUSED_FUNCTION = YES;
				GCC_WARN_UNUSED_VARIABLE = YES;
				IPHONEOS_DEPLOYMENT_TARGET = 12.1;
				MTL_ENABLE_DEBUG_INFO = NO;
				MTL_FAST_MATH = YES;
				SDKROOT = iphoneos;
				SWIFT_COMPILATION_MODE = wholemodule;
				SWIFT_OPTIMIZATION_LEVEL = "-O";
				VALIDATE_PRODUCT = YES;
			};
			name = Release;
		};
		63585EB7220A796600872274 /* Debug */ = {
			isa = XCBuildConfiguration;
			buildSettings = {
				ASSETCATALOG_COMPILER_APPICON_NAME = AppIcon;
				CODE_SIGN_STYLE = Automatic;
				INFOPLIST_FILE = "2-6/Info.plist";
				LD_RUNPATH_SEARCH_PATHS = (
					"$(inherited)",
					"@executable_path/Frameworks",
				);
				PRODUCT_BUNDLE_IDENTIFIER = "Zhnagwei.--6";
				PRODUCT_NAME = "$(TARGET_NAME)";
				SWIFT_VERSION = 4.2;
				TARGETED_DEVICE_FAMILY = "1,2";
			};
			name = Debug;
		};
		63585EB8220A796600872274 /* Release */ = {
			isa = XCBuildConfiguration;
			buildSettings = {
				ASSETCATALOG_COMPILER_APPICON_NAME = AppIcon;
				CODE_SIGN_STYLE = Automatic;
				INFOPLIST_FILE = "2-6/Info.plist";
				LD_RUNPATH_SEARCH_PATHS = (
					"$(inherited)",
					"@executable_path/Frameworks",
				);
				PRODUCT_BUNDLE_IDENTIFIER = "Zhnagwei.--6";
				PRODUCT_NAME = "$(TARGET_NAME)";
				SWIFT_VERSION = 4.2;
				TARGETED_DEVICE_FAMILY = "1,2";
			};
			name = Release;
		};
/* End XCBuildConfiguration section */

/* Begin XCConfigurationList section */
		63585E9F220A796200872274 /* Build configuration list for PBXProject "2-6" */ = {
			isa = XCConfigurationList;
			buildConfigurations = (
				63585EB4220A796600872274 /* Debug */,
				63585EB5220A796600872274 /* Release */,
			);
			defaultConfigurationIsVisible = 0;
			defaultConfigurationName = Release;
		};
		63585EB6220A796600872274 /* Build configuration list for PBXNativeTarget "2-6" */ = {
			isa = XCConfigurationList;
			buildConfigurations = (
				63585EB7220A796600872274 /* Debug */,
				63585EB8220A796600872274 /* Release */,
			);
			defaultConfigurationIsVisible = 0;
			defaultConfigurationName = Release;
		};
/* End XCConfigurationList section */
	};
	rootObject = 63585E9C220A796200872274 /* Project object */;
}
